
Microsoft Visual Studio Solution File, Format Version 12.00
# Visual Studio Version 16
VisualStudioVersion = 16.0.30011.22
MinimumVisualStudioVersion = 10.0.40219.1
Project("{FAE04EC0-301F-11D3-BF4B-00C04F79EFBC}") = "ProgrammeFeature.Api", "ProgrammeFeature.Api\ProgrammeFeature.Api.csproj", "{B18046C9-F398-49FF-84F3-59B241EE4161}"
EndProject
Project("{FAE04EC0-301F-11D3-BF4B-00C04F79EFBC}") = "ProgrammeFeature.Domain", "ProgrammeFeature.Domain\ProgrammeFeature.Domain.csproj", "{E4B68D0C-9CCD-4269-BBCF-57DEE525E7A8}"
EndProject
Project("{FAE04EC0-301F-11D3-BF4B-00C04F79EFBC}") = "ProgrammeFeature.Common", "ProgrammeFeature.Common\ProgrammeFeature.Common.csproj", "{49AA8AD7-5358-4B39-8216-F0EAF7BBD73E}"
EndProject
Project("{FAE04EC0-301F-11D3-BF4B-00C04F79EFBC}") = "ProgrammeFeature.Business", "ProgrammeFeature.Business\ProgrammeFeature.Business.csproj", "{51422C8C-BFEF-4B84-864D-C0956ADF60BE}"
EndProject
Global
	GlobalSection(SolutionConfigurationPlatforms) = preSolution
		Debug|Any CPU = Debug|Any CPU
		Release|Any CPU = Release|Any CPU
	EndGlobalSection
	GlobalSection(ProjectConfigurationPlatforms) = postSolution
		{B18046C9-F398-49FF-84F3-59B241EE4161}.Debug|Any CPU.ActiveCfg = Debug|Any CPU
		{B18046C9-F398-49FF-84F3-59B241EE4161}.Debug|Any CPU.Build.0 = Debug|Any CPU
		{B18046C9-F398-49FF-84F3-59B241EE4161}.Release|Any CPU.ActiveCfg = Release|Any CPU
		{B18046C9-F398-49FF-84F3-59B241EE4161}.Release|Any CPU.Build.0 = Release|Any CPU
		{E4B68D0C-9CCD-4269-BBCF-57DEE525E7A8}.Debug|Any CPU.ActiveCfg = Debug|Any CPU
		{E4B68D0C-9CCD-4269-BBCF-57DEE525E7A8}.Debug|Any CPU.Build.0 = Debug|Any CPU
		{E4B68D0C-9CCD-4269-BBCF-57DEE525E7A8}.Release|Any CPU.ActiveCfg = Release|Any CPU
		{E4B68D0C-9CCD-4269-BBCF-57DEE525E7A8}.Release|Any CPU.Build.0 = Release|Any CPU
		{49AA8AD7-5358-4B39-8216-F0EAF7BBD73E}.Debug|Any CPU.ActiveCfg = Debug|Any CPU
		{49AA8AD7-5358-4B39-8216-F0EAF7BBD73E}.Debug|Any CPU.Build.0 = Debug|Any CPU
		{49AA8AD7-5358-4B39-8216-F0EAF7BBD73E}.Release|Any CPU.ActiveCfg = Release|Any CPU
		{49AA8AD7-5358-4B39-8216-F0EAF7BBD73E}.Release|Any CPU.Build.0 = Release|Any CPU
		{51422C8C-BFEF-4B84-864D-C0956ADF60BE}.Debug|Any CPU.ActiveCfg = Debug|Any CPU
		{51422C8C-BFEF-4B84-864D-C0956ADF60BE}.Debug|Any CPU.Build.0 = Debug|Any CPU
		{51422C8C-BFEF-4B84-864D-C0956ADF60BE}.Release|Any CPU.ActiveCfg = Release|Any CPU
		{51422C8C-BFEF-4B84-864D-C0956ADF60BE}.Release|Any CPU.Build.0 = Release|Any CPU
	EndGlobalSection
	GlobalSection(SolutionProperties) = preSolution
		HideSolutionNode = FALSE
	EndGlobalSection
	GlobalSection(ExtensibilityGlobals) = postSolution
		SolutionGuid = {BD67114C-D440-452A-8287-A5D11FD08372}
	EndGlobalSection
EndGlobal
